
Microsoft Visual Studio Solution File, Format Version 12.00
# Visual Studio Version 17
VisualStudioVersion = 17.3.32819.101
MinimumVisualStudioVersion = 10.0.40219.1
Project("{888888A0-9F3D-457C-B088-3A5042F75D52}") = "Vigade otsing -1", "Vigade otsing -1.pyproj", "{EFE08C08-0F64-4557-B920-CB097A021935}"
EndProject
Global
	GlobalSection(SolutionConfigurationPlatforms) = preSolution
		Debug|Any CPU = Debug|Any CPU
		Release|Any CPU = Release|Any CPU
	EndGlobalSection
	GlobalSection(ProjectConfigurationPlatforms) = postSolution
		{EFE08C08-0F64-4557-B920-CB097A021935}.Debug|Any CPU.ActiveCfg = Debug|Any CPU
		{EFE08C08-0F64-4557-B920-CB097A021935}.Release|Any CPU.ActiveCfg = Release|Any CPU
	EndGlobalSection
	GlobalSection(SolutionProperties) = preSolution
		HideSolutionNode = FALSE
	EndGlobalSection
	GlobalSection(ExtensibilityGlobals) = postSolution
		SolutionGuid = {74A00B19-B5D3-48D9-A1B4-7167169B1998}
	EndGlobalSection
EndGlobal
